
Microsoft Visual Studio Solution File, Format Version 12.00
# Visual Studio Version 16
VisualStudioVersion = 16.0.30523.141
MinimumVisualStudioVersion = 10.0.40219.1
Project("{FAE04EC0-301F-11D3-BF4B-00C04F79EFBC}") = "vacunAPP", "vacunAPP\vacunAPP.csproj", "{FEE9D670-B007-4AB4-AAEA-0AFB6FD5F275}"
EndProject
Global
	GlobalSection(SolutionConfigurationPlatforms) = preSolution
		Debug|Any CPU = Debug|Any CPU
		Release|Any CPU = Release|Any CPU
	EndGlobalSection
	GlobalSection(ProjectConfigurationPlatforms) = postSolution
		{FEE9D670-B007-4AB4-AAEA-0AFB6FD5F275}.Debug|Any CPU.ActiveCfg = Debug|Any CPU
		{FEE9D670-B007-4AB4-AAEA-0AFB6FD5F275}.Debug|Any CPU.Build.0 = Debug|Any CPU
		{FEE9D670-B007-4AB4-AAEA-0AFB6FD5F275}.Release|Any CPU.ActiveCfg = Release|Any CPU
		{FEE9D670-B007-4AB4-AAEA-0AFB6FD5F275}.Release|Any CPU.Build.0 = Release|Any CPU
	EndGlobalSection
	GlobalSection(SolutionProperties) = preSolution
		HideSolutionNode = FALSE
	EndGlobalSection
	GlobalSection(ExtensibilityGlobals) = postSolution
		SolutionGuid = {64711C99-88D9-4356-983E-34DB467853E9}
	EndGlobalSection
EndGlobal
